{
  "version": 4,
  "terraform_version": "1.5.2",
  "serial": 101,
  "lineage": "cd19f9d2-280c-4b39-c969-c243cbcdd943",
  "outputs": {},
  "resources": [
    {
      "mode": "managed",
      "type": "google_compute_instance",
      "name": "openstack-node1",
      "provider": "provider[\"registry.terraform.io/hashicorp/google\"]",
      "instances": [
        {
          "schema_version": 6,
          "attributes": {
            "advanced_machine_features": [],
            "allow_stopping_for_update": null,
            "attached_disk": [],
            "boot_disk": [
              {
                "auto_delete": false,
                "device_name": "ceph01-os",
                "disk_encryption_key_raw": "",
                "disk_encryption_key_sha256": "",
                "initialize_params": [
                  {
                    "image": "https://www.googleapis.com/compute/v1/projects/ubuntu-os-cloud/global/images/ubuntu-2204-jammy-v20230630",
                    "labels": {},
                    "resource_manager_tags": {},
                    "size": 100,
                    "type": "pd-balanced"
                  }
                ],
                "kms_key_self_link": "",
                "mode": "READ_WRITE",
                "source": "https://www.googleapis.com/compute/v1/projects/skripsi-392008/zones/us-central1-b/disks/openstack01-os"
              }
            ],
            "can_ip_forward": false,
            "confidential_instance_config": [],
            "cpu_platform": "Intel Broadwell",
            "current_status": "RUNNING",
            "deletion_protection": false,
            "description": "",
            "desired_status": null,
            "enable_display": false,
            "guest_accelerator": [],
            "hostname": "",
            "id": "projects/skripsi-392008/zones/us-central1-b/instances/openstack-node01",
            "instance_id": "6834084550709497712",
            "label_fingerprint": "42WmSpB8rSM=",
            "labels": null,
            "machine_type": "e2-highmem-8",
            "metadata": {
              "ssh-keys": "luhurfatah:ssh-rsa AAAAB3NzaC1yc2EAAAADAQABAAABgQDAKJOiWoZ5tCyBzKJHwM4BHmnbNbonrM5G0jIRez3nLnfrX5pyToH5UqEr3OiRdbW168h9mBNVKRgE1y1zp17dVy8PN7zndzsNoAPUulhgwdJjpwDJqxepfSWuf6t5ZsV772sJRbNxSkV8zniahONscoUFXMyhAHdJ34Ccwq6Ke+WrPedwmQ8kH+VFqd8gUDDV6QlgJfNaGFXyFsYDFS1p/f05BnfAssb3mQzv3UyQvxQi8tIA0DkrhKZVmFFiF9tbq3bi1WA8koLffoFsfWauIPNoudG+m4alTU8MgBbgtDfKYnLrXIl5v/XfaNCq9U0SLT+VkdOUhQ0aSZ/0Jp6wjZd7dRrjzAeKt7o4O/0F6u0OXtu1AKcNevQAoknJjRs8/beOVGx49QVNJk0heV5GK+objXsCLBxggaGJOprM7YOnT71ScvAHasOlBSXoFXuhO57TdtblF+K+9dGgI4Cn6bwmffpv/RG6c6JbalqRrBCYv4vOi/VmKT/9njNSPUs= luhurfatah@lzy"
            },
            "metadata_fingerprint": "mkYSfqc12wA=",
            "metadata_startup_script": "#!/bin/bash\n# Add your startup script commands here\necho \"Hello, World!\"\n",
            "min_cpu_platform": "",
            "name": "openstack-node01",
            "network_interface": [
              {
                "access_config": [
                  {
                    "nat_ip": "104.198.156.131",
                    "network_tier": "PREMIUM",
                    "public_ptr_domain_name": ""
                  }
                ],
                "alias_ip_range": [],
                "ipv6_access_config": [],
                "ipv6_access_type": "",
                "name": "nic0",
                "network": "https://www.googleapis.com/compute/v1/projects/skripsi-392008/global/networks/internal-network",
                "network_ip": "10.10.30.10",
                "nic_type": "",
                "queue_count": 0,
                "stack_type": "IPV4_ONLY",
                "subnetwork": "https://www.googleapis.com/compute/v1/projects/skripsi-392008/regions/us-central1/subnetworks/central1",
                "subnetwork_project": "skripsi-392008"
              }
            ],
            "network_performance_config": [],
            "params": [],
            "project": "skripsi-392008",
            "reservation_affinity": [],
            "resource_policies": null,
            "scheduling": [
              {
                "automatic_restart": false,
                "instance_termination_action": "",
                "min_node_cpus": 0,
                "node_affinities": [],
                "on_host_maintenance": "MIGRATE",
                "preemptible": false,
                "provisioning_model": "STANDARD"
              }
            ],
            "scratch_disk": [],
            "self_link": "https://www.googleapis.com/compute/v1/projects/skripsi-392008/zones/us-central1-b/instances/openstack-node01",
            "service_account": [],
            "shielded_instance_config": [
              {
                "enable_integrity_monitoring": true,
                "enable_secure_boot": false,
                "enable_vtpm": true
              }
            ],
            "tags": null,
            "tags_fingerprint": "42WmSpB8rSM=",
            "timeouts": null,
            "zone": "us-central1-b"
          },
          "sensitive_attributes": [],
          "private": "eyJlMmJmYjczMC1lY2FhLTExZTYtOGY4OC0zNDM2M2JjN2M0YzAiOnsiY3JlYXRlIjoxMjAwMDAwMDAwMDAwLCJkZWxldGUiOjEyMDAwMDAwMDAwMDAsInVwZGF0ZSI6MTIwMDAwMDAwMDAwMH0sInNjaGVtYV92ZXJzaW9uIjoiNiJ9"
        }
      ]
    }
  ],
  "check_results": null
}
